
Microsoft Visual Studio Solution File, Format Version 12.00
# Visual Studio Version 16
VisualStudioVersion = 16.0.31129.286
MinimumVisualStudioVersion = 10.0.40219.1
Project("{888888A0-9F3D-457C-B088-3A5042F75D52}") = "ODModelBuilderTF", "ODModelBuilderTF.pyproj", "{BF17799B-E8E4-4441-9F34-25B050033535}"
EndProject
Global
	GlobalSection(SolutionConfigurationPlatforms) = preSolution
		Debug|Any CPU = Debug|Any CPU
		Release|Any CPU = Release|Any CPU
	EndGlobalSection
	GlobalSection(ProjectConfigurationPlatforms) = postSolution
		{BF17799B-E8E4-4441-9F34-25B050033535}.Debug|Any CPU.ActiveCfg = Debug|Any CPU
		{BF17799B-E8E4-4441-9F34-25B050033535}.Release|Any CPU.ActiveCfg = Release|Any CPU
	EndGlobalSection
	GlobalSection(SolutionProperties) = preSolution
		HideSolutionNode = FALSE
	EndGlobalSection
	GlobalSection(ExtensibilityGlobals) = postSolution
		SolutionGuid = {0DA00404-5541-4A6B-892B-13E52EE8544F}
	EndGlobalSection
EndGlobal
