
Microsoft Visual Studio Solution File, Format Version 12.00
# Visual Studio Version 16
VisualStudioVersion = 16.0.31129.286
MinimumVisualStudioVersion = 10.0.40219.1
Project("{9A19103F-16F7-4668-BE54-9A1E7A4F7556}") = "ODModelBuilderTF_Con", "ODModelBuilderTF_Con\ODModelBuilderTF_Con.csproj", "{3B68E608-3935-46A8-A3BB-A85AC54E1F8C}"
	ProjectSection(ProjectDependencies) = postProject
		{7A037B1C-808F-423C-BEC1-26E1412A306F} = {7A037B1C-808F-423C-BEC1-26E1412A306F}
		{CE312982-85F0-418F-964D-9ED3AC267CED} = {CE312982-85F0-418F-964D-9ED3AC267CED}
		{BF17799B-E8E4-4441-9F34-25B050033535} = {BF17799B-E8E4-4441-9F34-25B050033535}
		{0E2CA1B0-E8E5-4083-8B08-038DC900D96E} = {0E2CA1B0-E8E5-4083-8B08-038DC900D96E}
		{38C8A4BF-2EA8-435B-8AE9-A9CF93216FA7} = {38C8A4BF-2EA8-435B-8AE9-A9CF93216FA7}
		{AE9F16E1-0EE2-4F03-9E9C-852D38D52C8F} = {AE9F16E1-0EE2-4F03-9E9C-852D38D52C8F}
		{CA6169F3-A7EE-49E7-8C21-A40F10C61C4A} = {CA6169F3-A7EE-49E7-8C21-A40F10C61C4A}
	EndProjectSection
EndProject
Project("{9A19103F-16F7-4668-BE54-9A1E7A4F7556}") = "ODModelBuilderTF_Lib", "ODModelBuilderTF_Lib\ODModelBuilderTF_Lib.csproj", "{0E2CA1B0-E8E5-4083-8B08-038DC900D96E}"
EndProject
Project("{888888A0-9F3D-457C-B088-3A5042F75D52}") = "ODModelBuilderTF_Py", "ODModelBuilderTF_Py\ODModelBuilderTF_Py.pyproj", "{BF17799B-E8E4-4441-9F34-25B050033535}"
EndProject
Project("{2150E333-8FDC-42A3-9474-1A3956D46DE8}") = "Solution Items", "Solution Items", "{2335A148-800C-4080-A8B0-BC2C79545C06}"
	ProjectSection(SolutionItems) = preProject
		build.cmd = build.cmd
		build.ps1 = build.ps1
		LICENSE = LICENSE
		publish-packages.cmd = publish-packages.cmd
		publish-packages.ps1 = publish-packages.ps1
	EndProjectSection
EndProject
Project("{9A19103F-16F7-4668-BE54-9A1E7A4F7556}") = "ODModelBuilderTF_Redist_Win_TF", "ODModelBuilderTF_Redist_Win_TF\ODModelBuilderTF_Redist_Win_TF.csproj", "{AE9F16E1-0EE2-4F03-9E9C-852D38D52C8F}"
	ProjectSection(ProjectDependencies) = postProject
		{BF17799B-E8E4-4441-9F34-25B050033535} = {BF17799B-E8E4-4441-9F34-25B050033535}
	EndProjectSection
EndProject
Project("{9A19103F-16F7-4668-BE54-9A1E7A4F7556}") = "ODModelBuilderTF_Redist_Win", "ODModelBuilderTF_Redist_Win\ODModelBuilderTF_Redist_Win.csproj", "{38C8A4BF-2EA8-435B-8AE9-A9CF93216FA7}"
	ProjectSection(ProjectDependencies) = postProject
		{BF17799B-E8E4-4441-9F34-25B050033535} = {BF17799B-E8E4-4441-9F34-25B050033535}
	EndProjectSection
EndProject
Project("{9A19103F-16F7-4668-BE54-9A1E7A4F7556}") = "ODModelBuilderTF_Redist_Win_CUDA10_1_TF", "ODModelBuilderTF_Redist_Win_CUDA10_1_TF\ODModelBuilderTF_Redist_Win_CUDA10_1_TF.csproj", "{7A037B1C-808F-423C-BEC1-26E1412A306F}"
	ProjectSection(ProjectDependencies) = postProject
		{BF17799B-E8E4-4441-9F34-25B050033535} = {BF17799B-E8E4-4441-9F34-25B050033535}
	EndProjectSection
EndProject
Project("{9A19103F-16F7-4668-BE54-9A1E7A4F7556}") = "ODModelBuilderTF_Redist_Win_TF_A", "ODModelBuilderTF_Redist_Win_TF_A\ODModelBuilderTF_Redist_Win_TF_A.csproj", "{CA6169F3-A7EE-49E7-8C21-A40F10C61C4A}"
	ProjectSection(ProjectDependencies) = postProject
		{BF17799B-E8E4-4441-9F34-25B050033535} = {BF17799B-E8E4-4441-9F34-25B050033535}
	EndProjectSection
EndProject
Project("{9A19103F-16F7-4668-BE54-9A1E7A4F7556}") = "ODModelBuilderTF_Redist_Win_TF_B", "ODModelBuilderTF_Redist_Win_TF_B\ODModelBuilderTF_Redist_Win_TF_B.csproj", "{CE312982-85F0-418F-964D-9ED3AC267CED}"
	ProjectSection(ProjectDependencies) = postProject
		{BF17799B-E8E4-4441-9F34-25B050033535} = {BF17799B-E8E4-4441-9F34-25B050033535}
	EndProjectSection
EndProject
Global
	GlobalSection(SolutionConfigurationPlatforms) = preSolution
		Debug|Any CPU = Debug|Any CPU
		Release|Any CPU = Release|Any CPU
	EndGlobalSection
	GlobalSection(ProjectConfigurationPlatforms) = postSolution
		{BF17799B-E8E4-4441-9F34-25B050033535}.Debug|Any CPU.ActiveCfg = Debug|Any CPU
		{BF17799B-E8E4-4441-9F34-25B050033535}.Debug|Any CPU.Build.0 = Debug|Any CPU
		{BF17799B-E8E4-4441-9F34-25B050033535}.Release|Any CPU.ActiveCfg = Release|Any CPU
		{BF17799B-E8E4-4441-9F34-25B050033535}.Release|Any CPU.Build.0 = Release|Any CPU
		{0E2CA1B0-E8E5-4083-8B08-038DC900D96E}.Debug|Any CPU.ActiveCfg = Debug|Any CPU
		{0E2CA1B0-E8E5-4083-8B08-038DC900D96E}.Debug|Any CPU.Build.0 = Debug|Any CPU
		{0E2CA1B0-E8E5-4083-8B08-038DC900D96E}.Release|Any CPU.ActiveCfg = Release|Any CPU
		{0E2CA1B0-E8E5-4083-8B08-038DC900D96E}.Release|Any CPU.Build.0 = Release|Any CPU
		{3B68E608-3935-46A8-A3BB-A85AC54E1F8C}.Debug|Any CPU.ActiveCfg = Debug|Any CPU
		{3B68E608-3935-46A8-A3BB-A85AC54E1F8C}.Debug|Any CPU.Build.0 = Debug|Any CPU
		{3B68E608-3935-46A8-A3BB-A85AC54E1F8C}.Release|Any CPU.ActiveCfg = Release|Any CPU
		{3B68E608-3935-46A8-A3BB-A85AC54E1F8C}.Release|Any CPU.Build.0 = Release|Any CPU
		{AE9F16E1-0EE2-4F03-9E9C-852D38D52C8F}.Debug|Any CPU.ActiveCfg = Debug|Any CPU
		{AE9F16E1-0EE2-4F03-9E9C-852D38D52C8F}.Debug|Any CPU.Build.0 = Debug|Any CPU
		{AE9F16E1-0EE2-4F03-9E9C-852D38D52C8F}.Release|Any CPU.ActiveCfg = Release|Any CPU
		{AE9F16E1-0EE2-4F03-9E9C-852D38D52C8F}.Release|Any CPU.Build.0 = Release|Any CPU
		{38C8A4BF-2EA8-435B-8AE9-A9CF93216FA7}.Debug|Any CPU.ActiveCfg = Debug|Any CPU
		{38C8A4BF-2EA8-435B-8AE9-A9CF93216FA7}.Debug|Any CPU.Build.0 = Debug|Any CPU
		{38C8A4BF-2EA8-435B-8AE9-A9CF93216FA7}.Release|Any CPU.ActiveCfg = Release|Any CPU
		{38C8A4BF-2EA8-435B-8AE9-A9CF93216FA7}.Release|Any CPU.Build.0 = Release|Any CPU
		{7A037B1C-808F-423C-BEC1-26E1412A306F}.Debug|Any CPU.ActiveCfg = Debug|Any CPU
		{7A037B1C-808F-423C-BEC1-26E1412A306F}.Debug|Any CPU.Build.0 = Debug|Any CPU
		{7A037B1C-808F-423C-BEC1-26E1412A306F}.Release|Any CPU.ActiveCfg = Release|Any CPU
		{7A037B1C-808F-423C-BEC1-26E1412A306F}.Release|Any CPU.Build.0 = Release|Any CPU
		{CA6169F3-A7EE-49E7-8C21-A40F10C61C4A}.Debug|Any CPU.ActiveCfg = Debug|Any CPU
		{CA6169F3-A7EE-49E7-8C21-A40F10C61C4A}.Debug|Any CPU.Build.0 = Debug|Any CPU
		{CA6169F3-A7EE-49E7-8C21-A40F10C61C4A}.Release|Any CPU.ActiveCfg = Release|Any CPU
		{CA6169F3-A7EE-49E7-8C21-A40F10C61C4A}.Release|Any CPU.Build.0 = Release|Any CPU
		{CE312982-85F0-418F-964D-9ED3AC267CED}.Debug|Any CPU.ActiveCfg = Debug|Any CPU
		{CE312982-85F0-418F-964D-9ED3AC267CED}.Debug|Any CPU.Build.0 = Debug|Any CPU
		{CE312982-85F0-418F-964D-9ED3AC267CED}.Release|Any CPU.ActiveCfg = Release|Any CPU
		{CE312982-85F0-418F-964D-9ED3AC267CED}.Release|Any CPU.Build.0 = Release|Any CPU
	EndGlobalSection
	GlobalSection(SolutionProperties) = preSolution
		HideSolutionNode = FALSE
	EndGlobalSection
	GlobalSection(ExtensibilityGlobals) = postSolution
		SolutionGuid = {0DA00404-5541-4A6B-892B-13E52EE8544F}
	EndGlobalSection
EndGlobal
